// !$*UTF8*$!
{
	archiveVersion = 1;
	classes = {
	};
	objectVersion = 48;
	objects = {

/* Begin PBXBuildFile section */
		D882D3901FA2BE9800FF8D0A /* AppDelegate.swift in Sources */ = {isa = PBXBuildFile; fileRef = D882D38F1FA2BE9800FF8D0A /* AppDelegate.swift */; };
		D882D3921FA2BE9800FF8D0A /* ViewController.swift in Sources */ = {isa = PBXBuildFile; fileRef = D882D3911FA2BE9800FF8D0A /* ViewController.swift */; };
		D882D3951FA2BE9800FF8D0A /* Main.storyboard in Resources */ = {isa = PBXBuildFile; fileRef = D882D3931FA2BE9800FF8D0A /* Main.storyboard */; };
		D882D3971FA2BE9800FF8D0A /* Assets.xcassets in Resources */ = {isa = PBXBuildFile; fileRef = D882D3961FA2BE9800FF8D0A /* Assets.xcassets */; };
		D882D39A1FA2BE9800FF8D0A /* LaunchScreen.storyboard in Resources */ = {isa = PBXBuildFile; fileRef = D882D3981FA2BE9800FF8D0A /* LaunchScreen.storyboard */; };
		D882D3A91FA2D10700FF8D0A /* Character.swift in Sources */ = {isa = PBXBuildFile; fileRef = D882D3A81FA2D10700FF8D0A /* Character.swift */; };
		D882D3AB1FA2D11200FF8D0A /* Starship.swift in Sources */ = {isa = PBXBuildFile; fileRef = D882D3AA1FA2D11200FF8D0A /* Starship.swift */; };
		D882D3AD1FA2D12C00FF8D0A /* Vehicle.swift in Sources */ = {isa = PBXBuildFile; fileRef = D882D3AC1FA2D12C00FF8D0A /* Vehicle.swift */; };
		D882D3AF1FA2D23500FF8D0A /* Film.swift in Sources */ = {isa = PBXBuildFile; fileRef = D882D3AE1FA2D23500FF8D0A /* Film.swift */; };
		D882D3B11FA2D2E800FF8D0A /* Planet.swift in Sources */ = {isa = PBXBuildFile; fileRef = D882D3B01FA2D2E800FF8D0A /* Planet.swift */; };
		D882D3B31FA339E800FF8D0A /* Species.swift in Sources */ = {isa = PBXBuildFile; fileRef = D882D3B21FA339E800FF8D0A /* Species.swift */; };
		D882D3B51FA8EF1000FF8D0A /* Endpoint.swift in Sources */ = {isa = PBXBuildFile; fileRef = D882D3B41FA8EF1000FF8D0A /* Endpoint.swift */; };
/* End PBXBuildFile section */

/* Begin PBXFileReference section */
		D882D38C1FA2BE9800FF8D0A /* ReturnOfTheAPI.app */ = {isa = PBXFileReference; explicitFileType = wrapper.application; includeInIndex = 0; path = ReturnOfTheAPI.app; sourceTree = BUILT_PRODUCTS_DIR; };
		D882D38F1FA2BE9800FF8D0A /* AppDelegate.swift */ = {isa = PBXFileReference; lastKnownFileType = sourcecode.swift; path = AppDelegate.swift; sourceTree = "<group>"; };
		D882D3911FA2BE9800FF8D0A /* ViewController.swift */ = {isa = PBXFileReference; lastKnownFileType = sourcecode.swift; path = ViewController.swift; sourceTree = "<group>"; };
		D882D3941FA2BE9800FF8D0A /* Base */ = {isa = PBXFileReference; lastKnownFileType = file.storyboard; name = Base; path = Base.lproj/Main.storyboard; sourceTree = "<group>"; };
		D882D3961FA2BE9800FF8D0A /* Assets.xcassets */ = {isa = PBXFileReference; lastKnownFileType = folder.assetcatalog; path = Assets.xcassets; sourceTree = "<group>"; };
		D882D3991FA2BE9800FF8D0A /* Base */ = {isa = PBXFileReference; lastKnownFileType = file.storyboard; name = Base; path = Base.lproj/LaunchScreen.storyboard; sourceTree = "<group>"; };
		D882D39B1FA2BE9800FF8D0A /* Info.plist */ = {isa = PBXFileReference; lastKnownFileType = text.plist.xml; path = Info.plist; sourceTree = "<group>"; };
		D882D3A81FA2D10700FF8D0A /* Character.swift */ = {isa = PBXFileReference; lastKnownFileType = sourcecode.swift; path = Character.swift; sourceTree = "<group>"; };
		D882D3AA1FA2D11200FF8D0A /* Starship.swift */ = {isa = PBXFileReference; lastKnownFileType = sourcecode.swift; path = Starship.swift; sourceTree = "<group>"; };
		D882D3AC1FA2D12C00FF8D0A /* Vehicle.swift */ = {isa = PBXFileReference; lastKnownFileType = sourcecode.swift; path = Vehicle.swift; sourceTree = "<group>"; };
		D882D3AE1FA2D23500FF8D0A /* Film.swift */ = {isa = PBXFileReference; lastKnownFileType = sourcecode.swift; path = Film.swift; sourceTree = "<group>"; };
		D882D3B01FA2D2E800FF8D0A /* Planet.swift */ = {isa = PBXFileReference; lastKnownFileType = sourcecode.swift; path = Planet.swift; sourceTree = "<group>"; };
		D882D3B21FA339E800FF8D0A /* Species.swift */ = {isa = PBXFileReference; lastKnownFileType = sourcecode.swift; path = Species.swift; sourceTree = "<group>"; };
		D882D3B41FA8EF1000FF8D0A /* Endpoint.swift */ = {isa = PBXFileReference; lastKnownFileType = sourcecode.swift; path = Endpoint.swift; sourceTree = "<group>"; };
/* End PBXFileReference section */

/* Begin PBXFrameworksBuildPhase section */
		D882D3891FA2BE9800FF8D0A /* Frameworks */ = {
			isa = PBXFrameworksBuildPhase;
			buildActionMask = 2147483647;
			files = (
			);
			runOnlyForDeploymentPostprocessing = 0;
		};
/* End PBXFrameworksBuildPhase section */

/* Begin PBXGroup section */
		D882D3831FA2BE9800FF8D0A = {
			isa = PBXGroup;
			children = (
				D882D38E1FA2BE9800FF8D0A /* ReturnOfTheAPI */,
				D882D38D1FA2BE9800FF8D0A /* Products */,
			);
			sourceTree = "<group>";
		};
		D882D38D1FA2BE9800FF8D0A /* Products */ = {
			isa = PBXGroup;
			children = (
				D882D38C1FA2BE9800FF8D0A /* ReturnOfTheAPI.app */,
			);
			name = Products;
			sourceTree = "<group>";
		};
		D882D38E1FA2BE9800FF8D0A /* ReturnOfTheAPI */ = {
			isa = PBXGroup;
			children = (
				D882D3A61FA2C92300FF8D0A /* Models */,
				D882D3A51FA2C91500FF8D0A /* Views */,
				D882D3A41FA2C90900FF8D0A /* Controllers */,
				D882D3A31FA2C8FC00FF8D0A /* Data Sources */,
				D882D3A21FA2C8F100FF8D0A /* View Models */,
				D882D3A11FA2C8E400FF8D0A /* Networking */,
				D882D38F1FA2BE9800FF8D0A /* AppDelegate.swift */,
				D882D3911FA2BE9800FF8D0A /* ViewController.swift */,
				D882D3931FA2BE9800FF8D0A /* Main.storyboard */,
				D882D3961FA2BE9800FF8D0A /* Assets.xcassets */,
				D882D3981FA2BE9800FF8D0A /* LaunchScreen.storyboard */,
				D882D39B1FA2BE9800FF8D0A /* Info.plist */,
			);
			path = ReturnOfTheAPI;
			sourceTree = "<group>";
		};
		D882D3A11FA2C8E400FF8D0A /* Networking */ = {
			isa = PBXGroup;
			children = (
			);
			path = Networking;
			sourceTree = "<group>";
		};
		D882D3A21FA2C8F100FF8D0A /* View Models */ = {
			isa = PBXGroup;
			children = (
			);
			path = "View Models";
			sourceTree = "<group>";
		};
		D882D3A31FA2C8FC00FF8D0A /* Data Sources */ = {
			isa = PBXGroup;
			children = (
			);
			path = "Data Sources";
			sourceTree = "<group>";
		};
		D882D3A41FA2C90900FF8D0A /* Controllers */ = {
			isa = PBXGroup;
			children = (
			);
			path = Controllers;
			sourceTree = "<group>";
		};
		D882D3A51FA2C91500FF8D0A /* Views */ = {
			isa = PBXGroup;
			children = (
			);
			path = Views;
			sourceTree = "<group>";
		};
		D882D3A61FA2C92300FF8D0A /* Models */ = {
			isa = PBXGroup;
			children = (
				D882D3A71FA2C96300FF8D0A /* Endpoint */,
				D882D3A81FA2D10700FF8D0A /* Character.swift */,
				D882D3AA1FA2D11200FF8D0A /* Starship.swift */,
				D882D3AC1FA2D12C00FF8D0A /* Vehicle.swift */,
				D882D3AE1FA2D23500FF8D0A /* Film.swift */,
				D882D3B01FA2D2E800FF8D0A /* Planet.swift */,
				D882D3B21FA339E800FF8D0A /* Species.swift */,
			);
			path = Models;
			sourceTree = "<group>";
		};
		D882D3A71FA2C96300FF8D0A /* Endpoint */ = {
			isa = PBXGroup;
			children = (
				D882D3B41FA8EF1000FF8D0A /* Endpoint.swift */,
			);
			path = Endpoint;
			sourceTree = "<group>";
		};
/* End PBXGroup section */

/* Begin PBXNativeTarget section */
		D882D38B1FA2BE9800FF8D0A /* ReturnOfTheAPI */ = {
			isa = PBXNativeTarget;
			buildConfigurationList = D882D39E1FA2BE9800FF8D0A /* Build configuration list for PBXNativeTarget "ReturnOfTheAPI" */;
			buildPhases = (
				D882D3881FA2BE9800FF8D0A /* Sources */,
				D882D3891FA2BE9800FF8D0A /* Frameworks */,
				D882D38A1FA2BE9800FF8D0A /* Resources */,
			);
			buildRules = (
			);
			dependencies = (
			);
			name = ReturnOfTheAPI;
			productName = ReturnOfTheAPI;
			productReference = D882D38C1FA2BE9800FF8D0A /* ReturnOfTheAPI.app */;
			productType = "com.apple.product-type.application";
		};
/* End PBXNativeTarget section */

/* Begin PBXProject section */
		D882D3841FA2BE9800FF8D0A /* Project object */ = {
			isa = PBXProject;
			attributes = {
				LastSwiftUpdateCheck = 0900;
				LastUpgradeCheck = 0900;
				ORGANIZATIONNAME = Nathan;
				TargetAttributes = {
					D882D38B1FA2BE9800FF8D0A = {
						CreatedOnToolsVersion = 9.0.1;
						ProvisioningStyle = Automatic;
					};
				};
			};
			buildConfigurationList = D882D3871FA2BE9800FF8D0A /* Build configuration list for PBXProject "ReturnOfTheAPI" */;
			compatibilityVersion = "Xcode 8.0";
			developmentRegion = en;
			hasScannedForEncodings = 0;
			knownRegions = (
				en,
				Base,
			);
			mainGroup = D882D3831FA2BE9800FF8D0A;
			productRefGroup = D882D38D1FA2BE9800FF8D0A /* Products */;
			projectDirPath = "";
			projectRoot = "";
			targets = (
				D882D38B1FA2BE9800FF8D0A /* ReturnOfTheAPI */,
			);
		};
/* End PBXProject section */

/* Begin PBXResourcesBuildPhase section */
		D882D38A1FA2BE9800FF8D0A /* Resources */ = {
			isa = PBXResourcesBuildPhase;
			buildActionMask = 2147483647;
			files = (
				D882D39A1FA2BE9800FF8D0A /* LaunchScreen.storyboard in Resources */,
				D882D3971FA2BE9800FF8D0A /* Assets.xcassets in Resources */,
				D882D3951FA2BE9800FF8D0A /* Main.storyboard in Resources */,
			);
			runOnlyForDeploymentPostprocessing = 0;
		};
/* End PBXResourcesBuildPhase section */

/* Begin PBXSourcesBuildPhase section */
		D882D3881FA2BE9800FF8D0A /* Sources */ = {
			isa = PBXSourcesBuildPhase;
			buildActionMask = 2147483647;
			files = (
				D882D3A91FA2D10700FF8D0A /* Character.swift in Sources */,
				D882D3B51FA8EF1000FF8D0A /* Endpoint.swift in Sources */,
				D882D3AF1FA2D23500FF8D0A /* Film.swift in Sources */,
				D882D3921FA2BE9800FF8D0A /* ViewController.swift in Sources */,
				D882D3901FA2BE9800FF8D0A /* AppDelegate.swift in Sources */,
				D882D3B31FA339E800FF8D0A /* Species.swift in Sources */,
				D882D3B11FA2D2E800FF8D0A /* Planet.swift in Sources */,
				D882D3AD1FA2D12C00FF8D0A /* Vehicle.swift in Sources */,
				D882D3AB1FA2D11200FF8D0A /* Starship.swift in Sources */,
			);
			runOnlyForDeploymentPostprocessing = 0;
		};
/* End PBXSourcesBuildPhase section */

/* Begin PBXVariantGroup section */
		D882D3931FA2BE9800FF8D0A /* Main.storyboard */ = {
			isa = PBXVariantGroup;
			children = (
				D882D3941FA2BE9800FF8D0A /* Base */,
			);
			name = Main.storyboard;
			sourceTree = "<group>";
		};
		D882D3981FA2BE9800FF8D0A /* LaunchScreen.storyboard */ = {
			isa = PBXVariantGroup;
			children = (
				D882D3991FA2BE9800FF8D0A /* Base */,
			);
			name = LaunchScreen.storyboard;
			sourceTree = "<group>";
		};
/* End PBXVariantGroup section */

/* Begin XCBuildConfiguration section */
		D882D39C1FA2BE9800FF8D0A /* Debug */ = {
			isa = XCBuildConfiguration;
			buildSettings = {
				ALWAYS_SEARCH_USER_PATHS = NO;
				CLANG_ANALYZER_NONNULL = YES;
				CLANG_ANALYZER_NUMBER_OBJECT_CONVERSION = YES_AGGRESSIVE;
				CLANG_CXX_LANGUAGE_STANDARD = "gnu++14";
				CLANG_CXX_LIBRARY = "libc++";
				CLANG_ENABLE_MODULES = YES;
				CLANG_ENABLE_OBJC_ARC = YES;
				CLANG_WARN_BLOCK_CAPTURE_AUTORELEASING = YES;
				CLANG_WARN_BOOL_CONVERSION = YES;
				CLANG_WARN_COMMA = YES;
				CLANG_WARN_CONSTANT_CONVERSION = YES;
				CLANG_WARN_DIRECT_OBJC_ISA_USAGE = YES_ERROR;
				CLANG_WARN_DOCUMENTATION_COMMENTS = YES;
				CLANG_WARN_EMPTY_BODY = YES;
				CLANG_WARN_ENUM_CONVERSION = YES;
				CLANG_WARN_INFINITE_RECURSION = YES;
				CLANG_WARN_INT_CONVERSION = YES;
				CLANG_WARN_NON_LITERAL_NULL_CONVERSION = YES;
				CLANG_WARN_OBJC_LITERAL_CONVERSION = YES;
				CLANG_WARN_OBJC_ROOT_CLASS = YES_ERROR;
				CLANG_WARN_RANGE_LOOP_ANALYSIS = YES;
				CLANG_WARN_STRICT_PROTOTYPES = YES;
				CLANG_WARN_SUSPICIOUS_MOVE = YES;
				CLANG_WARN_UNGUARDED_AVAILABILITY = YES_AGGRESSIVE;
				CLANG_WARN_UNREACHABLE_CODE = YES;
				CLANG_WARN__DUPLICATE_METHOD_MATCH = YES;
				CODE_SIGN_IDENTITY = "iPhone Developer";
				COPY_PHASE_STRIP = NO;
				DEBUG_INFORMATION_FORMAT = dwarf;
				ENABLE_STRICT_OBJC_MSGSEND = YES;
				ENABLE_TESTABILITY = YES;
				GCC_C_LANGUAGE_STANDARD = gnu11;
				GCC_DYNAMIC_NO_PIC = NO;
				GCC_NO_COMMON_BLOCKS = YES;
				GCC_OPTIMIZATION_LEVEL = 0;
				GCC_PREPROCESSOR_DEFINITIONS = (
					"DEBUG=1",
					"$(inherited)",
				);
				GCC_WARN_64_TO_32_BIT_CONVERSION = YES;
				GCC_WARN_ABOUT_RETURN_TYPE = YES_ERROR;
				GCC_WARN_UNDECLARED_SELECTOR = YES;
				GCC_WARN_UNINITIALIZED_AUTOS = YES_AGGRESSIVE;
				GCC_WARN_UNUSED_FUNCTION = YES;
				GCC_WARN_UNUSED_VARIABLE = YES;
				IPHONEOS_DEPLOYMENT_TARGET = 11.0;
				MTL_ENABLE_DEBUG_INFO = YES;
				ONLY_ACTIVE_ARCH = YES;
				SDKROOT = iphoneos;
				SWIFT_ACTIVE_COMPILATION_CONDITIONS = DEBUG;
				SWIFT_OPTIMIZATION_LEVEL = "-Onone";
			};
			name = Debug;
		};
		D882D39D1FA2BE9800FF8D0A /* Release */ = {
			isa = XCBuildConfiguration;
			buildSettings = {
				ALWAYS_SEARCH_USER_PATHS = NO;
				CLANG_ANALYZER_NONNULL = YES;
				CLANG_ANALYZER_NUMBER_OBJECT_CONVERSION = YES_AGGRESSIVE;
				CLANG_CXX_LANGUAGE_STANDARD = "gnu++14";
				CLANG_CXX_LIBRARY = "libc++";
				CLANG_ENABLE_MODULES = YES;
				CLANG_ENABLE_OBJC_ARC = YES;
				CLANG_WARN_BLOCK_CAPTURE_AUTORELEASING = YES;
				CLANG_WARN_BOOL_CONVERSION = YES;
				CLANG_WARN_COMMA = YES;
				CLANG_WARN_CONSTANT_CONVERSION = YES;
				CLANG_WARN_DIRECT_OBJC_ISA_USAGE = YES_ERROR;
				CLANG_WARN_DOCUMENTATION_COMMENTS = YES;
				CLANG_WARN_EMPTY_BODY = YES;
				CLANG_WARN_ENUM_CONVERSION = YES;
				CLANG_WARN_INFINITE_RECURSION = YES;
				CLANG_WARN_INT_CONVERSION = YES;
				CLANG_WARN_NON_LITERAL_NULL_CONVERSION = YES;
				CLANG_WARN_OBJC_LITERAL_CONVERSION = YES;
				CLANG_WARN_OBJC_ROOT_CLASS = YES_ERROR;
				CLANG_WARN_RANGE_LOOP_ANALYSIS = YES;
				CLANG_WARN_STRICT_PROTOTYPES = YES;
				CLANG_WARN_SUSPICIOUS_MOVE = YES;
				CLANG_WARN_UNGUARDED_AVAILABILITY = YES_AGGRESSIVE;
				CLANG_WARN_UNREACHABLE_CODE = YES;
				CLANG_WARN__DUPLICATE_METHOD_MATCH = YES;
				CODE_SIGN_IDENTITY = "iPhone Developer";
				COPY_PHASE_STRIP = NO;
				DEBUG_INFORMATION_FORMAT = "dwarf-with-dsym";
				ENABLE_NS_ASSERTIONS = NO;
				ENABLE_STRICT_OBJC_MSGSEND = YES;
				GCC_C_LANGUAGE_STANDARD = gnu11;
				GCC_NO_COMMON_BLOCKS = YES;
				GCC_WARN_64_TO_32_BIT_CONVERSION = YES;
				GCC_WARN_ABOUT_RETURN_TYPE = YES_ERROR;
				GCC_WARN_UNDECLARED_SELECTOR = YES;
				GCC_WARN_UNINITIALIZED_AUTOS = YES_AGGRESSIVE;
				GCC_WARN_UNUSED_FUNCTION = YES;
				GCC_WARN_UNUSED_VARIABLE = YES;
				IPHONEOS_DEPLOYMENT_TARGET = 11.0;
				MTL_ENABLE_DEBUG_INFO = NO;
				SDKROOT = iphoneos;
				SWIFT_OPTIMIZATION_LEVEL = "-Owholemodule";
				VALIDATE_PRODUCT = YES;
			};
			name = Release;
		};
		D882D39F1FA2BE9800FF8D0A /* Debug */ = {
			isa = XCBuildConfiguration;
			buildSettings = {
				ASSETCATALOG_COMPILER_APPICON_NAME = AppIcon;
				CODE_SIGN_STYLE = Automatic;
				DEVELOPMENT_TEAM = B7ES5QUQAV;
				INFOPLIST_FILE = ReturnOfTheAPI/Info.plist;
				LD_RUNPATH_SEARCH_PATHS = "$(inherited) @executable_path/Frameworks";
				PRODUCT_BUNDLE_IDENTIFIER = com.nfulkerson.ReturnOfTheAPI;
				PRODUCT_NAME = "$(TARGET_NAME)";
				SWIFT_VERSION = 4.0;
				TARGETED_DEVICE_FAMILY = "1,2";
			};
			name = Debug;
		};
		D882D3A01FA2BE9800FF8D0A /* Release */ = {
			isa = XCBuildConfiguration;
			buildSettings = {
				ASSETCATALOG_COMPILER_APPICON_NAME = AppIcon;
				CODE_SIGN_STYLE = Automatic;
				DEVELOPMENT_TEAM = B7ES5QUQAV;
				INFOPLIST_FILE = ReturnOfTheAPI/Info.plist;
				LD_RUNPATH_SEARCH_PATHS = "$(inherited) @executable_path/Frameworks";
				PRODUCT_BUNDLE_IDENTIFIER = com.nfulkerson.ReturnOfTheAPI;
				PRODUCT_NAME = "$(TARGET_NAME)";
				SWIFT_VERSION = 4.0;
				TARGETED_DEVICE_FAMILY = "1,2";
			};
			name = Release;
		};
/* End XCBuildConfiguration section */

/* Begin XCConfigurationList section */
		D882D3871FA2BE9800FF8D0A /* Build configuration list for PBXProject "ReturnOfTheAPI" */ = {
			isa = XCConfigurationList;
			buildConfigurations = (
				D882D39C1FA2BE9800FF8D0A /* Debug */,
				D882D39D1FA2BE9800FF8D0A /* Release */,
			);
			defaultConfigurationIsVisible = 0;
			defaultConfigurationName = Release;
		};
		D882D39E1FA2BE9800FF8D0A /* Build configuration list for PBXNativeTarget "ReturnOfTheAPI" */ = {
			isa = XCConfigurationList;
			buildConfigurations = (
				D882D39F1FA2BE9800FF8D0A /* Debug */,
				D882D3A01FA2BE9800FF8D0A /* Release */,
			);
			defaultConfigurationIsVisible = 0;
			defaultConfigurationName = Release;
		};
/* End XCConfigurationList section */
	};
	rootObject = D882D3841FA2BE9800FF8D0A /* Project object */;
}
